
Microsoft Visual Studio Solution File, Format Version 12.00
# Visual Studio 15
VisualStudioVersion = 15.0.28307.489
MinimumVisualStudioVersion = 10.0.40219.1
Project("{FAE04EC0-301F-11D3-BF4B-00C04F79EFBC}") = "AppNxRestaurante", "AppNxRestaurante\AppNxRestaurante.csproj", "{FCAC3757-5306-4683-89DA-44A29C06AC04}"
EndProject
Global
	GlobalSection(SolutionConfigurationPlatforms) = preSolution
		Debug|Any CPU = Debug|Any CPU
		Release|Any CPU = Release|Any CPU
	EndGlobalSection
	GlobalSection(ProjectConfigurationPlatforms) = postSolution
		{FCAC3757-5306-4683-89DA-44A29C06AC04}.Debug|Any CPU.ActiveCfg = Debug|Any CPU
		{FCAC3757-5306-4683-89DA-44A29C06AC04}.Debug|Any CPU.Build.0 = Debug|Any CPU
		{FCAC3757-5306-4683-89DA-44A29C06AC04}.Release|Any CPU.ActiveCfg = Release|Any CPU
		{FCAC3757-5306-4683-89DA-44A29C06AC04}.Release|Any CPU.Build.0 = Release|Any CPU
	EndGlobalSection
	GlobalSection(SolutionProperties) = preSolution
		HideSolutionNode = FALSE
	EndGlobalSection
	GlobalSection(ExtensibilityGlobals) = postSolution
		SolutionGuid = {ED8DA753-1AB4-4A74-A8A1-C088EE9EAE5A}
	EndGlobalSection
EndGlobal
